
Microsoft Visual Studio Solution File, Format Version 12.00
# Visual Studio Version 17
VisualStudioVersion = 17.8.34330.188
MinimumVisualStudioVersion = 10.0.40219.1
Project("{9A19103F-16F7-4668-BE54-9A1E7A4F7556}") = "H4BlazorServerApp", "H4BlazorServerApp\H4BlazorServerApp.csproj", "{5DCC25A3-2638-47DB-B9CB-AFD77C196D9A}"
EndProject
Project("{FAE04EC0-301F-11D3-BF4B-00C04F79EFBC}") = "H4BlazorServerAppTest", "H4BlazorServerAppTest\H4BlazorServerAppTest.csproj", "{6CAE4A8C-5363-47CE-8880-CA00685E71E6}"
EndProject
Global
	GlobalSection(SolutionConfigurationPlatforms) = preSolution
		Debug|Any CPU = Debug|Any CPU
		Release|Any CPU = Release|Any CPU
	EndGlobalSection
	GlobalSection(ProjectConfigurationPlatforms) = postSolution
		{5DCC25A3-2638-47DB-B9CB-AFD77C196D9A}.Debug|Any CPU.ActiveCfg = Debug|Any CPU
		{5DCC25A3-2638-47DB-B9CB-AFD77C196D9A}.Debug|Any CPU.Build.0 = Debug|Any CPU
		{5DCC25A3-2638-47DB-B9CB-AFD77C196D9A}.Release|Any CPU.ActiveCfg = Release|Any CPU
		{5DCC25A3-2638-47DB-B9CB-AFD77C196D9A}.Release|Any CPU.Build.0 = Release|Any CPU
		{6CAE4A8C-5363-47CE-8880-CA00685E71E6}.Debug|Any CPU.ActiveCfg = Debug|Any CPU
		{6CAE4A8C-5363-47CE-8880-CA00685E71E6}.Debug|Any CPU.Build.0 = Debug|Any CPU
		{6CAE4A8C-5363-47CE-8880-CA00685E71E6}.Release|Any CPU.ActiveCfg = Release|Any CPU
		{6CAE4A8C-5363-47CE-8880-CA00685E71E6}.Release|Any CPU.Build.0 = Release|Any CPU
	EndGlobalSection
	GlobalSection(SolutionProperties) = preSolution
		HideSolutionNode = FALSE
	EndGlobalSection
	GlobalSection(ExtensibilityGlobals) = postSolution
		SolutionGuid = {0194F5E8-7549-43E9-9489-936A26DD3D6D}
	EndGlobalSection
EndGlobal
